
Microsoft Visual Studio Solution File, Format Version 12.00
# Visual Studio Version 17
VisualStudioVersion = 17.11.35312.102
MinimumVisualStudioVersion = 10.0.40219.1
Project("{9A19103F-16F7-4668-BE54-9A1E7A4F7556}") = "RoomExpenseManager", "RoomExpenseManager\RoomExpenseManager.csproj", "{1471B32E-4D46-45BB-AC99-694BDD978CD1}"
EndProject
Project("{FAE04EC0-301F-11D3-BF4B-00C04F79EFBC}") = "RoomExpenseManagerWebApp", "RoomExpenseManagerWebApp\RoomExpenseManagerWebApp.csproj", "{B59A1C90-9D38-4F5F-AEB1-F91B61A3DC77}"
EndProject
Global
	GlobalSection(SolutionConfigurationPlatforms) = preSolution
		Debug|Any CPU = Debug|Any CPU
		Release|Any CPU = Release|Any CPU
	EndGlobalSection
	GlobalSection(ProjectConfigurationPlatforms) = postSolution
		{1471B32E-4D46-45BB-AC99-694BDD978CD1}.Debug|Any CPU.ActiveCfg = Debug|Any CPU
		{1471B32E-4D46-45BB-AC99-694BDD978CD1}.Debug|Any CPU.Build.0 = Debug|Any CPU
		{1471B32E-4D46-45BB-AC99-694BDD978CD1}.Release|Any CPU.ActiveCfg = Release|Any CPU
		{1471B32E-4D46-45BB-AC99-694BDD978CD1}.Release|Any CPU.Build.0 = Release|Any CPU
		{B59A1C90-9D38-4F5F-AEB1-F91B61A3DC77}.Debug|Any CPU.ActiveCfg = Debug|Any CPU
		{B59A1C90-9D38-4F5F-AEB1-F91B61A3DC77}.Debug|Any CPU.Build.0 = Debug|Any CPU
		{B59A1C90-9D38-4F5F-AEB1-F91B61A3DC77}.Release|Any CPU.ActiveCfg = Release|Any CPU
		{B59A1C90-9D38-4F5F-AEB1-F91B61A3DC77}.Release|Any CPU.Build.0 = Release|Any CPU
	EndGlobalSection
	GlobalSection(SolutionProperties) = preSolution
		HideSolutionNode = FALSE
	EndGlobalSection
	GlobalSection(ExtensibilityGlobals) = postSolution
		SolutionGuid = {8D989112-66F1-491E-831E-3D598802A602}
	EndGlobalSection
EndGlobal
